("quicklisp" .
 (:class qlot/source/dist:source-dist
  :initargs (:distribution "https://beta.quicklisp.org/dist/quicklisp.txt" :%version :latest)
  :version "2024-10-12"))
("alexandria" .
 (:class qlot/source/ql:source-ql
  :initargs (:%version :latest)
  :version "ql-2024-10-12"))
("dexador" .
 (:class qlot/source/ql:source-ql
  :initargs (:%version :latest)
  :version "ql-2024-10-12"))
("jzon" .
 (:class qlot/source/ql:source-ql
  :initargs (:%version :latest)
  :version "ql-2024-10-12"))
("quri" .
 (:class qlot/source/ql:source-ql
  :initargs (:%version :latest)
  :version "ql-2024-10-12"))
("kebab" .
 (:class qlot/source/ql:source-ql
  :initargs (:%version :latest)
  :version "ql-2015-06-08"))
